
Microsoft Visual Studio Solution File, Format Version 12.00
# Visual Studio Version 17
VisualStudioVersion = 17.14.36414.22 d17.14
MinimumVisualStudioVersion = 10.0.40219.1
Project("{FAE04EC0-301F-11D3-BF4B-00C04F79EFBC}") = "CastApp", "CastApp\CastApp.csproj", "{B9CCDC79-8F00-480F-A6DF-7B7B174CBC8D}"
EndProject
Global
	GlobalSection(SolutionConfigurationPlatforms) = preSolution
		Debug|Any CPU = Debug|Any CPU
		Release|Any CPU = Release|Any CPU
	EndGlobalSection
	GlobalSection(ProjectConfigurationPlatforms) = postSolution
		{B9CCDC79-8F00-480F-A6DF-7B7B174CBC8D}.Debug|Any CPU.ActiveCfg = Debug|Any CPU
		{B9CCDC79-8F00-480F-A6DF-7B7B174CBC8D}.Debug|Any CPU.Build.0 = Debug|Any CPU
		{B9CCDC79-8F00-480F-A6DF-7B7B174CBC8D}.Release|Any CPU.ActiveCfg = Release|Any CPU
		{B9CCDC79-8F00-480F-A6DF-7B7B174CBC8D}.Release|Any CPU.Build.0 = Release|Any CPU
	EndGlobalSection
	GlobalSection(SolutionProperties) = preSolution
		HideSolutionNode = FALSE
	EndGlobalSection
	GlobalSection(ExtensibilityGlobals) = postSolution
		SolutionGuid = {1734B697-499D-4100-9B05-4D7D73010C25}
	EndGlobalSection
EndGlobal
